
Microsoft Visual Studio Solution File, Format Version 12.00
# Visual Studio Version 17
VisualStudioVersion = 17.9.34728.123
MinimumVisualStudioVersion = 10.0.40219.1
Project("{FAE04EC0-301F-11D3-BF4B-00C04F79EFBC}") = "Movies.WebApp", "Movies.WebApp\Movies.WebApp.csproj", "{6B23846B-CB4B-4DA9-905E-E44E04DD8405}"
EndProject
Project("{FAE04EC0-301F-11D3-BF4B-00C04F79EFBC}") = "Movies.API", "Movies.API\Movies.API.csproj", "{66E9160C-69F0-403E-B80E-E747C3DD2F67}"
EndProject
Project("{FAE04EC0-301F-11D3-BF4B-00C04F79EFBC}") = "Movies.DAL", "Movies.DAL\Movies.DAL.csproj", "{9DFA9BC3-9798-4A9C-BCE6-CD7F28884E9E}"
EndProject
Global
	GlobalSection(SolutionConfigurationPlatforms) = preSolution
		Debug|Any CPU = Debug|Any CPU
		Release|Any CPU = Release|Any CPU
	EndGlobalSection
	GlobalSection(ProjectConfigurationPlatforms) = postSolution
		{6B23846B-CB4B-4DA9-905E-E44E04DD8405}.Debug|Any CPU.ActiveCfg = Debug|Any CPU
		{6B23846B-CB4B-4DA9-905E-E44E04DD8405}.Debug|Any CPU.Build.0 = Debug|Any CPU
		{6B23846B-CB4B-4DA9-905E-E44E04DD8405}.Release|Any CPU.ActiveCfg = Release|Any CPU
		{6B23846B-CB4B-4DA9-905E-E44E04DD8405}.Release|Any CPU.Build.0 = Release|Any CPU
		{66E9160C-69F0-403E-B80E-E747C3DD2F67}.Debug|Any CPU.ActiveCfg = Debug|Any CPU
		{66E9160C-69F0-403E-B80E-E747C3DD2F67}.Debug|Any CPU.Build.0 = Debug|Any CPU
		{66E9160C-69F0-403E-B80E-E747C3DD2F67}.Release|Any CPU.ActiveCfg = Release|Any CPU
		{66E9160C-69F0-403E-B80E-E747C3DD2F67}.Release|Any CPU.Build.0 = Release|Any CPU
		{9DFA9BC3-9798-4A9C-BCE6-CD7F28884E9E}.Debug|Any CPU.ActiveCfg = Debug|Any CPU
		{9DFA9BC3-9798-4A9C-BCE6-CD7F28884E9E}.Debug|Any CPU.Build.0 = Debug|Any CPU
		{9DFA9BC3-9798-4A9C-BCE6-CD7F28884E9E}.Release|Any CPU.ActiveCfg = Release|Any CPU
		{9DFA9BC3-9798-4A9C-BCE6-CD7F28884E9E}.Release|Any CPU.Build.0 = Release|Any CPU
	EndGlobalSection
	GlobalSection(SolutionProperties) = preSolution
		HideSolutionNode = FALSE
	EndGlobalSection
	GlobalSection(ExtensibilityGlobals) = postSolution
		SolutionGuid = {7B360A86-4A52-4444-8D66-E1265F2CE91D}
	EndGlobalSection
EndGlobal
